
Microsoft Visual Studio Solution File, Format Version 12.00
# Visual Studio 2013
VisualStudioVersion = 12.0.21005.1
MinimumVisualStudioVersion = 10.0.40219.1
Project("{FAE04EC0-301F-11D3-BF4B-00C04F79EFBC}") = "NancyTest", "NancyTest\NancyTest.csproj", "{4E601B9D-F2F2-49E0-ADE5-E34483364A10}"
EndProject
Project("{FAE04EC0-301F-11D3-BF4B-00C04F79EFBC}") = "Nancy.Data", "Nancy.Data\Nancy.Data.csproj", "{F2837A11-6DA5-4C45-804D-DA6CE82BD344}"
EndProject
Global
	GlobalSection(SolutionConfigurationPlatforms) = preSolution
		Debug|Any CPU = Debug|Any CPU
		Release|Any CPU = Release|Any CPU
	EndGlobalSection
	GlobalSection(ProjectConfigurationPlatforms) = postSolution
		{4E601B9D-F2F2-49E0-ADE5-E34483364A10}.Debug|Any CPU.ActiveCfg = Debug|Any CPU
		{4E601B9D-F2F2-49E0-ADE5-E34483364A10}.Debug|Any CPU.Build.0 = Debug|Any CPU
		{4E601B9D-F2F2-49E0-ADE5-E34483364A10}.Release|Any CPU.ActiveCfg = Release|Any CPU
		{4E601B9D-F2F2-49E0-ADE5-E34483364A10}.Release|Any CPU.Build.0 = Release|Any CPU
		{F2837A11-6DA5-4C45-804D-DA6CE82BD344}.Debug|Any CPU.ActiveCfg = Debug|Any CPU
		{F2837A11-6DA5-4C45-804D-DA6CE82BD344}.Debug|Any CPU.Build.0 = Debug|Any CPU
		{F2837A11-6DA5-4C45-804D-DA6CE82BD344}.Release|Any CPU.ActiveCfg = Release|Any CPU
		{F2837A11-6DA5-4C45-804D-DA6CE82BD344}.Release|Any CPU.Build.0 = Release|Any CPU
	EndGlobalSection
	GlobalSection(SolutionProperties) = preSolution
		HideSolutionNode = FALSE
	EndGlobalSection
EndGlobal
